
Microsoft Visual Studio Solution File, Format Version 12.00
# Visual Studio Version 16
VisualStudioVersion = 16.0.29519.87
MinimumVisualStudioVersion = 10.0.40219.1
Project("{FAE04EC0-301F-11D3-BF4B-00C04F79EFBC}") = "AppProject", "AppProject\AppProject.csproj", "{A77E29A0-C510-42B3-8044-3295B0253049}"
EndProject
Project("{FAE04EC0-301F-11D3-BF4B-00C04F79EFBC}") = "WpfAppMMTSD", "WpfAppMMTSD\WpfAppMMTSD.csproj", "{7E9AA377-484D-44C8-AC26-AF130BEF8D05}"
EndProject
Project("{FAE04EC0-301F-11D3-BF4B-00C04F79EFBC}") = "DAL", "DAL\DAL.csproj", "{3D4DC7E0-13DD-45B5-983A-8C5ECD13085C}"
EndProject
Project("{FAE04EC0-301F-11D3-BF4B-00C04F79EFBC}") = "BLL", "BLL\BLL.csproj", "{C8110873-3770-44B4-9BC0-24D6C9CDE94C}"
EndProject
Global
	GlobalSection(SolutionConfigurationPlatforms) = preSolution
		Debug|Any CPU = Debug|Any CPU
		Release|Any CPU = Release|Any CPU
	EndGlobalSection
	GlobalSection(ProjectConfigurationPlatforms) = postSolution
		{A77E29A0-C510-42B3-8044-3295B0253049}.Debug|Any CPU.ActiveCfg = Debug|Any CPU
		{A77E29A0-C510-42B3-8044-3295B0253049}.Debug|Any CPU.Build.0 = Debug|Any CPU
		{A77E29A0-C510-42B3-8044-3295B0253049}.Release|Any CPU.ActiveCfg = Release|Any CPU
		{A77E29A0-C510-42B3-8044-3295B0253049}.Release|Any CPU.Build.0 = Release|Any CPU
		{7E9AA377-484D-44C8-AC26-AF130BEF8D05}.Debug|Any CPU.ActiveCfg = Debug|Any CPU
		{7E9AA377-484D-44C8-AC26-AF130BEF8D05}.Debug|Any CPU.Build.0 = Debug|Any CPU
		{7E9AA377-484D-44C8-AC26-AF130BEF8D05}.Release|Any CPU.ActiveCfg = Release|Any CPU
		{7E9AA377-484D-44C8-AC26-AF130BEF8D05}.Release|Any CPU.Build.0 = Release|Any CPU
		{3D4DC7E0-13DD-45B5-983A-8C5ECD13085C}.Debug|Any CPU.ActiveCfg = Debug|Any CPU
		{3D4DC7E0-13DD-45B5-983A-8C5ECD13085C}.Debug|Any CPU.Build.0 = Debug|Any CPU
		{3D4DC7E0-13DD-45B5-983A-8C5ECD13085C}.Release|Any CPU.ActiveCfg = Release|Any CPU
		{3D4DC7E0-13DD-45B5-983A-8C5ECD13085C}.Release|Any CPU.Build.0 = Release|Any CPU
		{C8110873-3770-44B4-9BC0-24D6C9CDE94C}.Debug|Any CPU.ActiveCfg = Debug|Any CPU
		{C8110873-3770-44B4-9BC0-24D6C9CDE94C}.Debug|Any CPU.Build.0 = Debug|Any CPU
		{C8110873-3770-44B4-9BC0-24D6C9CDE94C}.Release|Any CPU.ActiveCfg = Release|Any CPU
		{C8110873-3770-44B4-9BC0-24D6C9CDE94C}.Release|Any CPU.Build.0 = Release|Any CPU
	EndGlobalSection
	GlobalSection(SolutionProperties) = preSolution
		HideSolutionNode = FALSE
	EndGlobalSection
	GlobalSection(ExtensibilityGlobals) = postSolution
		SolutionGuid = {A345964C-5684-4576-865C-701930ECC76A}
	EndGlobalSection
EndGlobal
