
Microsoft Visual Studio Solution File, Format Version 12.00
# Visual Studio Version 16
VisualStudioVersion = 16.0.29519.87
MinimumVisualStudioVersion = 10.0.40219.1
Project("{FAE04EC0-301F-11D3-BF4B-00C04F79EFBC}") = "WpfAppMMTSD", "WpfAppMMTSD\WpfAppMMTSD.csproj", "{7E9AA377-484D-44C8-AC26-AF130BEF8D05}"
EndProject
Project("{FAE04EC0-301F-11D3-BF4B-00C04F79EFBC}") = "MMTSD.Entities", "MMTSD.Entities\MMTSD.Entities.csproj", "{86A39E52-3C7D-4583-8F67-8F7FCE57DB46}"
EndProject
Project("{FAE04EC0-301F-11D3-BF4B-00C04F79EFBC}") = "MMTSD.Models", "MMTSD.Models\MMTSD.Models.csproj", "{51749050-3AE3-4BF0-9668-2CB6CAD84640}"
EndProject
Project("{FAE04EC0-301F-11D3-BF4B-00C04F79EFBC}") = "MMTSD.DAL.Abstract", "MMTSD.DAL.Abstract\MMTSD.DAL.Abstract.csproj", "{50E7CF0E-5492-4F26-9A74-DE2288B87D60}"
EndProject
Project("{FAE04EC0-301F-11D3-BF4B-00C04F79EFBC}") = "MMTSD.DAL.Impl", "MMTSD.DAL.Impl\MMTSD.DAL.Impl.csproj", "{A339EE6A-CD3A-4499-A8D3-4B122F67902D}"
EndProject
Project("{FAE04EC0-301F-11D3-BF4B-00C04F79EFBC}") = "MMTSD.BLL.Abstract", "MMTSD.BLL.Abstract\MMTSD.BLL.Abstract.csproj", "{F2720BD0-17F2-4FBB-AA9A-373073355B1E}"
EndProject
Project("{FAE04EC0-301F-11D3-BF4B-00C04F79EFBC}") = "MMTSD.BLL.Impl", "MMTSD.BLL.Impl\MMTSD.BLL.Impl.csproj", "{F6D75634-7F05-4132-A166-9CA88F71C0F6}"
EndProject
Global
	GlobalSection(SolutionConfigurationPlatforms) = preSolution
		Debug|Any CPU = Debug|Any CPU
		Release|Any CPU = Release|Any CPU
	EndGlobalSection
	GlobalSection(ProjectConfigurationPlatforms) = postSolution
		{7E9AA377-484D-44C8-AC26-AF130BEF8D05}.Debug|Any CPU.ActiveCfg = Debug|Any CPU
		{7E9AA377-484D-44C8-AC26-AF130BEF8D05}.Debug|Any CPU.Build.0 = Debug|Any CPU
		{7E9AA377-484D-44C8-AC26-AF130BEF8D05}.Release|Any CPU.ActiveCfg = Release|Any CPU
		{7E9AA377-484D-44C8-AC26-AF130BEF8D05}.Release|Any CPU.Build.0 = Release|Any CPU
		{86A39E52-3C7D-4583-8F67-8F7FCE57DB46}.Debug|Any CPU.ActiveCfg = Debug|Any CPU
		{86A39E52-3C7D-4583-8F67-8F7FCE57DB46}.Debug|Any CPU.Build.0 = Debug|Any CPU
		{86A39E52-3C7D-4583-8F67-8F7FCE57DB46}.Release|Any CPU.ActiveCfg = Release|Any CPU
		{86A39E52-3C7D-4583-8F67-8F7FCE57DB46}.Release|Any CPU.Build.0 = Release|Any CPU
		{51749050-3AE3-4BF0-9668-2CB6CAD84640}.Debug|Any CPU.ActiveCfg = Debug|Any CPU
		{51749050-3AE3-4BF0-9668-2CB6CAD84640}.Debug|Any CPU.Build.0 = Debug|Any CPU
		{51749050-3AE3-4BF0-9668-2CB6CAD84640}.Release|Any CPU.ActiveCfg = Release|Any CPU
		{51749050-3AE3-4BF0-9668-2CB6CAD84640}.Release|Any CPU.Build.0 = Release|Any CPU
		{50E7CF0E-5492-4F26-9A74-DE2288B87D60}.Debug|Any CPU.ActiveCfg = Debug|Any CPU
		{50E7CF0E-5492-4F26-9A74-DE2288B87D60}.Debug|Any CPU.Build.0 = Debug|Any CPU
		{50E7CF0E-5492-4F26-9A74-DE2288B87D60}.Release|Any CPU.ActiveCfg = Release|Any CPU
		{50E7CF0E-5492-4F26-9A74-DE2288B87D60}.Release|Any CPU.Build.0 = Release|Any CPU
		{A339EE6A-CD3A-4499-A8D3-4B122F67902D}.Debug|Any CPU.ActiveCfg = Debug|Any CPU
		{A339EE6A-CD3A-4499-A8D3-4B122F67902D}.Debug|Any CPU.Build.0 = Debug|Any CPU
		{A339EE6A-CD3A-4499-A8D3-4B122F67902D}.Release|Any CPU.ActiveCfg = Release|Any CPU
		{A339EE6A-CD3A-4499-A8D3-4B122F67902D}.Release|Any CPU.Build.0 = Release|Any CPU
		{F2720BD0-17F2-4FBB-AA9A-373073355B1E}.Debug|Any CPU.ActiveCfg = Debug|Any CPU
		{F2720BD0-17F2-4FBB-AA9A-373073355B1E}.Debug|Any CPU.Build.0 = Debug|Any CPU
		{F2720BD0-17F2-4FBB-AA9A-373073355B1E}.Release|Any CPU.ActiveCfg = Release|Any CPU
		{F2720BD0-17F2-4FBB-AA9A-373073355B1E}.Release|Any CPU.Build.0 = Release|Any CPU
		{F6D75634-7F05-4132-A166-9CA88F71C0F6}.Debug|Any CPU.ActiveCfg = Debug|Any CPU
		{F6D75634-7F05-4132-A166-9CA88F71C0F6}.Debug|Any CPU.Build.0 = Debug|Any CPU
		{F6D75634-7F05-4132-A166-9CA88F71C0F6}.Release|Any CPU.ActiveCfg = Release|Any CPU
		{F6D75634-7F05-4132-A166-9CA88F71C0F6}.Release|Any CPU.Build.0 = Release|Any CPU
	EndGlobalSection
	GlobalSection(SolutionProperties) = preSolution
		HideSolutionNode = FALSE
	EndGlobalSection
	GlobalSection(ExtensibilityGlobals) = postSolution
		SolutionGuid = {A345964C-5684-4576-865C-701930ECC76A}
	EndGlobalSection
EndGlobal
